
Microsoft Visual Studio Solution File, Format Version 12.00
# Visual Studio Version 16
VisualStudioVersion = 16.0.30413.136
MinimumVisualStudioVersion = 10.0.40219.1
Project("{D954291E-2A0B-460D-934E-DC6B0785DB48}") = "LothtorCompendium.Shared", "LothtorCompendium.Shared\LothtorCompendium.Shared.shproj", "{6279C845-92F8-4333-AB99-3D213163593C}"
EndProject
Project("{FAE04EC0-301F-11D3-BF4B-00C04F79EFBC}") = "LothtorCompendium.Droid", "LothtorCompendium.Droid\LothtorCompendium.Droid.csproj", "{593594D4-327B-47BE-A176-3DD079411261}"
EndProject
Project("{FAE04EC0-301F-11D3-BF4B-00C04F79EFBC}") = "LothtorCompendium.iOS", "LothtorCompendium.iOS\LothtorCompendium.iOS.csproj", "{971678EF-47BC-4324-A1FD-E1FB6D25099E}"
EndProject
Project("{FAE04EC0-301F-11D3-BF4B-00C04F79EFBC}") = "LothtorCompendium.UWP", "LothtorCompendium.UWP\LothtorCompendium.UWP.csproj", "{BA1B2F47-5B38-4697-B752-056116AC06E9}"
EndProject
Project("{FAE04EC0-301F-11D3-BF4B-00C04F79EFBC}") = "LothtorCompendium.Wasm", "LothtorCompendium.Wasm\LothtorCompendium.Wasm.csproj", "{CDC3AC91-FEE6-490B-B8C9-6D75CF5C1D55}"
EndProject
Project("{FAE04EC0-301F-11D3-BF4B-00C04F79EFBC}") = "LothtorCompendium.macOS", "LothtorCompendium.macOS\LothtorCompendium.macOS.csproj", "{818708A8-B2DB-46BD-A5C3-30A7A7ACF2BF}"
EndProject
Global
	GlobalSection(SharedMSBuildProjectFiles) = preSolution
		LothtorCompendium.Shared\LothtorCompendium.Shared.projitems*{593594d4-327b-47be-a176-3dd079411261}*SharedItemsImports = 4
		LothtorCompendium.Shared\LothtorCompendium.Shared.projitems*{6279c845-92f8-4333-ab99-3d213163593c}*SharedItemsImports = 13
		LothtorCompendium.Shared\LothtorCompendium.Shared.projitems*{818708a8-b2db-46bd-a5c3-30a7a7acf2bf}*SharedItemsImports = 4
		LothtorCompendium.Shared\LothtorCompendium.Shared.projitems*{971678ef-47bc-4324-a1fd-e1fb6d25099e}*SharedItemsImports = 4
		LothtorCompendium.Shared\LothtorCompendium.Shared.projitems*{ba1b2f47-5b38-4697-b752-056116ac06e9}*SharedItemsImports = 4
		LothtorCompendium.Shared\LothtorCompendium.Shared.projitems*{cdc3ac91-fee6-490b-b8c9-6d75cf5c1d55}*SharedItemsImports = 5
	EndGlobalSection
	GlobalSection(SolutionConfigurationPlatforms) = preSolution
		Ad-Hoc|Any CPU = Ad-Hoc|Any CPU
		Ad-Hoc|ARM = Ad-Hoc|ARM
		Ad-Hoc|ARM64 = Ad-Hoc|ARM64
		Ad-Hoc|iPhone = Ad-Hoc|iPhone
		Ad-Hoc|iPhoneSimulator = Ad-Hoc|iPhoneSimulator
		Ad-Hoc|x64 = Ad-Hoc|x64
		Ad-Hoc|x86 = Ad-Hoc|x86
		AppStore|Any CPU = AppStore|Any CPU
		AppStore|ARM = AppStore|ARM
		AppStore|ARM64 = AppStore|ARM64
		AppStore|iPhone = AppStore|iPhone
		AppStore|iPhoneSimulator = AppStore|iPhoneSimulator
		AppStore|x64 = AppStore|x64
		AppStore|x86 = AppStore|x86
		Debug|Any CPU = Debug|Any CPU
		Debug|ARM = Debug|ARM
		Debug|ARM64 = Debug|ARM64
		Debug|iPhone = Debug|iPhone
		Debug|iPhoneSimulator = Debug|iPhoneSimulator
		Debug|x64 = Debug|x64
		Debug|x86 = Debug|x86
		Release|Any CPU = Release|Any CPU
		Release|ARM = Release|ARM
		Release|ARM64 = Release|ARM64
		Release|iPhone = Release|iPhone
		Release|iPhoneSimulator = Release|iPhoneSimulator
		Release|x64 = Release|x64
		Release|x86 = Release|x86
	EndGlobalSection
	GlobalSection(ProjectConfigurationPlatforms) = postSolution
		{593594D4-327B-47BE-A176-3DD079411261}.Ad-Hoc|Any CPU.ActiveCfg = Release|Any CPU
		{593594D4-327B-47BE-A176-3DD079411261}.Ad-Hoc|Any CPU.Build.0 = Release|Any CPU
		{593594D4-327B-47BE-A176-3DD079411261}.Ad-Hoc|Any CPU.Deploy.0 = Release|Any CPU
		{593594D4-327B-47BE-A176-3DD079411261}.Ad-Hoc|ARM.ActiveCfg = Release|Any CPU
		{593594D4-327B-47BE-A176-3DD079411261}.Ad-Hoc|ARM.Build.0 = Release|Any CPU
		{593594D4-327B-47BE-A176-3DD079411261}.Ad-Hoc|ARM.Deploy.0 = Release|Any CPU
		{593594D4-327B-47BE-A176-3DD079411261}.Ad-Hoc|ARM64.ActiveCfg = Release|Any CPU
		{593594D4-327B-47BE-A176-3DD079411261}.Ad-Hoc|ARM64.Build.0 = Release|Any CPU
		{593594D4-327B-47BE-A176-3DD079411261}.Ad-Hoc|ARM64.Deploy.0 = Release|Any CPU
		{593594D4-327B-47BE-A176-3DD079411261}.Ad-Hoc|iPhone.ActiveCfg = Release|Any CPU
		{593594D4-327B-47BE-A176-3DD079411261}.Ad-Hoc|iPhone.Build.0 = Release|Any CPU
		{593594D4-327B-47BE-A176-3DD079411261}.Ad-Hoc|iPhone.Deploy.0 = Release|Any CPU
		{593594D4-327B-47BE-A176-3DD079411261}.Ad-Hoc|iPhoneSimulator.ActiveCfg = Release|Any CPU
		{593594D4-327B-47BE-A176-3DD079411261}.Ad-Hoc|iPhoneSimulator.Build.0 = Release|Any CPU
		{593594D4-327B-47BE-A176-3DD079411261}.Ad-Hoc|iPhoneSimulator.Deploy.0 = Release|Any CPU
		{593594D4-327B-47BE-A176-3DD079411261}.Ad-Hoc|x64.ActiveCfg = Release|Any CPU
		{593594D4-327B-47BE-A176-3DD079411261}.Ad-Hoc|x64.Build.0 = Release|Any CPU
		{593594D4-327B-47BE-A176-3DD079411261}.Ad-Hoc|x64.Deploy.0 = Release|Any CPU
		{593594D4-327B-47BE-A176-3DD079411261}.Ad-Hoc|x86.ActiveCfg = Release|Any CPU
		{593594D4-327B-47BE-A176-3DD079411261}.Ad-Hoc|x86.Build.0 = Release|Any CPU
		{593594D4-327B-47BE-A176-3DD079411261}.Ad-Hoc|x86.Deploy.0 = Release|Any CPU
		{593594D4-327B-47BE-A176-3DD079411261}.AppStore|Any CPU.ActiveCfg = Release|Any CPU
		{593594D4-327B-47BE-A176-3DD079411261}.AppStore|Any CPU.Build.0 = Release|Any CPU
		{593594D4-327B-47BE-A176-3DD079411261}.AppStore|Any CPU.Deploy.0 = Release|Any CPU
		{593594D4-327B-47BE-A176-3DD079411261}.AppStore|ARM.ActiveCfg = Release|Any CPU
		{593594D4-327B-47BE-A176-3DD079411261}.AppStore|ARM.Build.0 = Release|Any CPU
		{593594D4-327B-47BE-A176-3DD079411261}.AppStore|ARM.Deploy.0 = Release|Any CPU
		{593594D4-327B-47BE-A176-3DD079411261}.AppStore|ARM64.ActiveCfg = Release|Any CPU
		{593594D4-327B-47BE-A176-3DD079411261}.AppStore|ARM64.Build.0 = Release|Any CPU
		{593594D4-327B-47BE-A176-3DD079411261}.AppStore|ARM64.Deploy.0 = Release|Any CPU
		{593594D4-327B-47BE-A176-3DD079411261}.AppStore|iPhone.ActiveCfg = Release|Any CPU
		{593594D4-327B-47BE-A176-3DD079411261}.AppStore|iPhone.Build.0 = Release|Any CPU
		{593594D4-327B-47BE-A176-3DD079411261}.AppStore|iPhone.Deploy.0 = Release|Any CPU
		{593594D4-327B-47BE-A176-3DD079411261}.AppStore|iPhoneSimulator.ActiveCfg = Release|Any CPU
		{593594D4-327B-47BE-A176-3DD079411261}.AppStore|iPhoneSimulator.Build.0 = Release|Any CPU
		{593594D4-327B-47BE-A176-3DD079411261}.AppStore|iPhoneSimulator.Deploy.0 = Release|Any CPU
		{593594D4-327B-47BE-A176-3DD079411261}.AppStore|x64.ActiveCfg = Release|Any CPU
		{593594D4-327B-47BE-A176-3DD079411261}.AppStore|x64.Build.0 = Release|Any CPU
		{593594D4-327B-47BE-A176-3DD079411261}.AppStore|x64.Deploy.0 = Release|Any CPU
		{593594D4-327B-47BE-A176-3DD079411261}.AppStore|x86.ActiveCfg = Release|Any CPU
		{593594D4-327B-47BE-A176-3DD079411261}.AppStore|x86.Build.0 = Release|Any CPU
		{593594D4-327B-47BE-A176-3DD079411261}.AppStore|x86.Deploy.0 = Release|Any CPU
		{593594D4-327B-47BE-A176-3DD079411261}.Debug|Any CPU.ActiveCfg = Debug|Any CPU
		{593594D4-327B-47BE-A176-3DD079411261}.Debug|Any CPU.Build.0 = Debug|Any CPU
		{593594D4-327B-47BE-A176-3DD079411261}.Debug|Any CPU.Deploy.0 = Debug|Any CPU
		{593594D4-327B-47BE-A176-3DD079411261}.Debug|ARM.ActiveCfg = Debug|Any CPU
		{593594D4-327B-47BE-A176-3DD079411261}.Debug|ARM.Build.0 = Debug|Any CPU
		{593594D4-327B-47BE-A176-3DD079411261}.Debug|ARM.Deploy.0 = Debug|Any CPU
		{593594D4-327B-47BE-A176-3DD079411261}.Debug|ARM64.ActiveCfg = Debug|Any CPU
		{593594D4-327B-47BE-A176-3DD079411261}.Debug|ARM64.Build.0 = Debug|Any CPU
		{593594D4-327B-47BE-A176-3DD079411261}.Debug|ARM64.Deploy.0 = Debug|Any CPU
		{593594D4-327B-47BE-A176-3DD079411261}.Debug|iPhone.ActiveCfg = Debug|Any CPU
		{593594D4-327B-47BE-A176-3DD079411261}.Debug|iPhone.Build.0 = Debug|Any CPU
		{593594D4-327B-47BE-A176-3DD079411261}.Debug|iPhone.Deploy.0 = Debug|Any CPU
		{593594D4-327B-47BE-A176-3DD079411261}.Debug|iPhoneSimulator.ActiveCfg = Debug|Any CPU
		{593594D4-327B-47BE-A176-3DD079411261}.Debug|iPhoneSimulator.Build.0 = Debug|Any CPU
		{593594D4-327B-47BE-A176-3DD079411261}.Debug|iPhoneSimulator.Deploy.0 = Debug|Any CPU
		{593594D4-327B-47BE-A176-3DD079411261}.Debug|x64.ActiveCfg = Debug|Any CPU
		{593594D4-327B-47BE-A176-3DD079411261}.Debug|x64.Build.0 = Debug|Any CPU
		{593594D4-327B-47BE-A176-3DD079411261}.Debug|x64.Deploy.0 = Debug|Any CPU
		{593594D4-327B-47BE-A176-3DD079411261}.Debug|x86.ActiveCfg = Debug|Any CPU
		{593594D4-327B-47BE-A176-3DD079411261}.Debug|x86.Build.0 = Debug|Any CPU
		{593594D4-327B-47BE-A176-3DD079411261}.Debug|x86.Deploy.0 = Debug|Any CPU
		{593594D4-327B-47BE-A176-3DD079411261}.Release|Any CPU.ActiveCfg = Release|Any CPU
		{593594D4-327B-47BE-A176-3DD079411261}.Release|Any CPU.Build.0 = Release|Any CPU
		{593594D4-327B-47BE-A176-3DD079411261}.Release|Any CPU.Deploy.0 = Release|Any CPU
		{593594D4-327B-47BE-A176-3DD079411261}.Release|ARM.ActiveCfg = Release|Any CPU
		{593594D4-327B-47BE-A176-3DD079411261}.Release|ARM.Build.0 = Release|Any CPU
		{593594D4-327B-47BE-A176-3DD079411261}.Release|ARM.Deploy.0 = Release|Any CPU
		{593594D4-327B-47BE-A176-3DD079411261}.Release|ARM64.ActiveCfg = Release|Any CPU
		{593594D4-327B-47BE-A176-3DD079411261}.Release|ARM64.Build.0 = Release|Any CPU
		{593594D4-327B-47BE-A176-3DD079411261}.Release|ARM64.Deploy.0 = Release|Any CPU
		{593594D4-327B-47BE-A176-3DD079411261}.Release|iPhone.ActiveCfg = Release|Any CPU
		{593594D4-327B-47BE-A176-3DD079411261}.Release|iPhone.Build.0 = Release|Any CPU
		{593594D4-327B-47BE-A176-3DD079411261}.Release|iPhone.Deploy.0 = Release|Any CPU
		{593594D4-327B-47BE-A176-3DD079411261}.Release|iPhoneSimulator.ActiveCfg = Release|Any CPU
		{593594D4-327B-47BE-A176-3DD079411261}.Release|iPhoneSimulator.Build.0 = Release|Any CPU
		{593594D4-327B-47BE-A176-3DD079411261}.Release|iPhoneSimulator.Deploy.0 = Release|Any CPU
		{593594D4-327B-47BE-A176-3DD079411261}.Release|x64.ActiveCfg = Release|Any CPU
		{593594D4-327B-47BE-A176-3DD079411261}.Release|x64.Build.0 = Release|Any CPU
		{593594D4-327B-47BE-A176-3DD079411261}.Release|x64.Deploy.0 = Release|Any CPU
		{593594D4-327B-47BE-A176-3DD079411261}.Release|x86.ActiveCfg = Release|Any CPU
		{593594D4-327B-47BE-A176-3DD079411261}.Release|x86.Build.0 = Release|Any CPU
		{593594D4-327B-47BE-A176-3DD079411261}.Release|x86.Deploy.0 = Release|Any CPU
		{971678EF-47BC-4324-A1FD-E1FB6D25099E}.Ad-Hoc|Any CPU.ActiveCfg = Ad-Hoc|iPhone
		{971678EF-47BC-4324-A1FD-E1FB6D25099E}.Ad-Hoc|ARM.ActiveCfg = Ad-Hoc|iPhone
		{971678EF-47BC-4324-A1FD-E1FB6D25099E}.Ad-Hoc|ARM64.ActiveCfg = Ad-Hoc|iPhone
		{971678EF-47BC-4324-A1FD-E1FB6D25099E}.Ad-Hoc|iPhone.ActiveCfg = Ad-Hoc|iPhone
		{971678EF-47BC-4324-A1FD-E1FB6D25099E}.Ad-Hoc|iPhone.Build.0 = Ad-Hoc|iPhone
		{971678EF-47BC-4324-A1FD-E1FB6D25099E}.Ad-Hoc|iPhoneSimulator.ActiveCfg = Ad-Hoc|iPhoneSimulator
		{971678EF-47BC-4324-A1FD-E1FB6D25099E}.Ad-Hoc|iPhoneSimulator.Build.0 = Ad-Hoc|iPhoneSimulator
		{971678EF-47BC-4324-A1FD-E1FB6D25099E}.Ad-Hoc|x64.ActiveCfg = Ad-Hoc|iPhone
		{971678EF-47BC-4324-A1FD-E1FB6D25099E}.Ad-Hoc|x86.ActiveCfg = Ad-Hoc|iPhone
		{971678EF-47BC-4324-A1FD-E1FB6D25099E}.AppStore|Any CPU.ActiveCfg = AppStore|iPhone
		{971678EF-47BC-4324-A1FD-E1FB6D25099E}.AppStore|ARM.ActiveCfg = AppStore|iPhone
		{971678EF-47BC-4324-A1FD-E1FB6D25099E}.AppStore|ARM64.ActiveCfg = AppStore|iPhone
		{971678EF-47BC-4324-A1FD-E1FB6D25099E}.AppStore|iPhone.ActiveCfg = AppStore|iPhone
		{971678EF-47BC-4324-A1FD-E1FB6D25099E}.AppStore|iPhone.Build.0 = AppStore|iPhone
		{971678EF-47BC-4324-A1FD-E1FB6D25099E}.AppStore|iPhoneSimulator.ActiveCfg = AppStore|iPhoneSimulator
		{971678EF-47BC-4324-A1FD-E1FB6D25099E}.AppStore|iPhoneSimulator.Build.0 = AppStore|iPhoneSimulator
		{971678EF-47BC-4324-A1FD-E1FB6D25099E}.AppStore|x64.ActiveCfg = AppStore|iPhone
		{971678EF-47BC-4324-A1FD-E1FB6D25099E}.AppStore|x86.ActiveCfg = AppStore|iPhone
		{971678EF-47BC-4324-A1FD-E1FB6D25099E}.Debug|Any CPU.ActiveCfg = Debug|iPhone
		{971678EF-47BC-4324-A1FD-E1FB6D25099E}.Debug|ARM.ActiveCfg = Debug|iPhone
		{971678EF-47BC-4324-A1FD-E1FB6D25099E}.Debug|ARM64.ActiveCfg = Debug|iPhone
		{971678EF-47BC-4324-A1FD-E1FB6D25099E}.Debug|iPhone.ActiveCfg = Debug|iPhone
		{971678EF-47BC-4324-A1FD-E1FB6D25099E}.Debug|iPhone.Build.0 = Debug|iPhone
		{971678EF-47BC-4324-A1FD-E1FB6D25099E}.Debug|iPhoneSimulator.ActiveCfg = Debug|iPhoneSimulator
		{971678EF-47BC-4324-A1FD-E1FB6D25099E}.Debug|iPhoneSimulator.Build.0 = Debug|iPhoneSimulator
		{971678EF-47BC-4324-A1FD-E1FB6D25099E}.Debug|x64.ActiveCfg = Debug|iPhone
		{971678EF-47BC-4324-A1FD-E1FB6D25099E}.Debug|x86.ActiveCfg = Debug|iPhone
		{971678EF-47BC-4324-A1FD-E1FB6D25099E}.Release|Any CPU.ActiveCfg = Release|iPhone
		{971678EF-47BC-4324-A1FD-E1FB6D25099E}.Release|ARM.ActiveCfg = Release|iPhone
		{971678EF-47BC-4324-A1FD-E1FB6D25099E}.Release|ARM64.ActiveCfg = Release|iPhone
		{971678EF-47BC-4324-A1FD-E1FB6D25099E}.Release|iPhone.ActiveCfg = Release|iPhone
		{971678EF-47BC-4324-A1FD-E1FB6D25099E}.Release|iPhone.Build.0 = Release|iPhone
		{971678EF-47BC-4324-A1FD-E1FB6D25099E}.Release|iPhoneSimulator.ActiveCfg = Release|iPhoneSimulator
		{971678EF-47BC-4324-A1FD-E1FB6D25099E}.Release|iPhoneSimulator.Build.0 = Release|iPhoneSimulator
		{971678EF-47BC-4324-A1FD-E1FB6D25099E}.Release|x64.ActiveCfg = Release|iPhone
		{971678EF-47BC-4324-A1FD-E1FB6D25099E}.Release|x86.ActiveCfg = Release|iPhone
		{BA1B2F47-5B38-4697-B752-056116AC06E9}.Ad-Hoc|Any CPU.ActiveCfg = Release|x64
		{BA1B2F47-5B38-4697-B752-056116AC06E9}.Ad-Hoc|Any CPU.Build.0 = Release|x64
		{BA1B2F47-5B38-4697-B752-056116AC06E9}.Ad-Hoc|Any CPU.Deploy.0 = Release|x64
		{BA1B2F47-5B38-4697-B752-056116AC06E9}.Ad-Hoc|ARM.ActiveCfg = Release|ARM
		{BA1B2F47-5B38-4697-B752-056116AC06E9}.Ad-Hoc|ARM.Build.0 = Release|ARM
		{BA1B2F47-5B38-4697-B752-056116AC06E9}.Ad-Hoc|ARM.Deploy.0 = Release|ARM
		{BA1B2F47-5B38-4697-B752-056116AC06E9}.Ad-Hoc|ARM64.ActiveCfg = Release|ARM64
		{BA1B2F47-5B38-4697-B752-056116AC06E9}.Ad-Hoc|ARM64.Build.0 = Release|ARM64
		{BA1B2F47-5B38-4697-B752-056116AC06E9}.Ad-Hoc|ARM64.Deploy.0 = Release|ARM64
		{BA1B2F47-5B38-4697-B752-056116AC06E9}.Ad-Hoc|iPhone.ActiveCfg = Release|x64
		{BA1B2F47-5B38-4697-B752-056116AC06E9}.Ad-Hoc|iPhone.Build.0 = Release|x64
		{BA1B2F47-5B38-4697-B752-056116AC06E9}.Ad-Hoc|iPhone.Deploy.0 = Release|x64
		{BA1B2F47-5B38-4697-B752-056116AC06E9}.Ad-Hoc|iPhoneSimulator.ActiveCfg = Release|x64
		{BA1B2F47-5B38-4697-B752-056116AC06E9}.Ad-Hoc|iPhoneSimulator.Build.0 = Release|x64
		{BA1B2F47-5B38-4697-B752-056116AC06E9}.Ad-Hoc|iPhoneSimulator.Deploy.0 = Release|x64
		{BA1B2F47-5B38-4697-B752-056116AC06E9}.Ad-Hoc|x64.ActiveCfg = Release|x64
		{BA1B2F47-5B38-4697-B752-056116AC06E9}.Ad-Hoc|x64.Build.0 = Release|x64
		{BA1B2F47-5B38-4697-B752-056116AC06E9}.Ad-Hoc|x64.Deploy.0 = Release|x64
		{BA1B2F47-5B38-4697-B752-056116AC06E9}.Ad-Hoc|x86.ActiveCfg = Release|x86
		{BA1B2F47-5B38-4697-B752-056116AC06E9}.Ad-Hoc|x86.Build.0 = Release|x86
		{BA1B2F47-5B38-4697-B752-056116AC06E9}.Ad-Hoc|x86.Deploy.0 = Release|x86
		{BA1B2F47-5B38-4697-B752-056116AC06E9}.AppStore|Any CPU.ActiveCfg = Release|x64
		{BA1B2F47-5B38-4697-B752-056116AC06E9}.AppStore|Any CPU.Build.0 = Release|x64
		{BA1B2F47-5B38-4697-B752-056116AC06E9}.AppStore|Any CPU.Deploy.0 = Release|x64
		{BA1B2F47-5B38-4697-B752-056116AC06E9}.AppStore|ARM.ActiveCfg = Release|ARM
		{BA1B2F47-5B38-4697-B752-056116AC06E9}.AppStore|ARM.Build.0 = Release|ARM
		{BA1B2F47-5B38-4697-B752-056116AC06E9}.AppStore|ARM.Deploy.0 = Release|ARM
		{BA1B2F47-5B38-4697-B752-056116AC06E9}.AppStore|ARM64.ActiveCfg = Release|ARM64
		{BA1B2F47-5B38-4697-B752-056116AC06E9}.AppStore|ARM64.Build.0 = Release|ARM64
		{BA1B2F47-5B38-4697-B752-056116AC06E9}.AppStore|ARM64.Deploy.0 = Release|ARM64
		{BA1B2F47-5B38-4697-B752-056116AC06E9}.AppStore|iPhone.ActiveCfg = Release|x64
		{BA1B2F47-5B38-4697-B752-056116AC06E9}.AppStore|iPhone.Build.0 = Release|x64
		{BA1B2F47-5B38-4697-B752-056116AC06E9}.AppStore|iPhone.Deploy.0 = Release|x64
		{BA1B2F47-5B38-4697-B752-056116AC06E9}.AppStore|iPhoneSimulator.ActiveCfg = Release|x64
		{BA1B2F47-5B38-4697-B752-056116AC06E9}.AppStore|iPhoneSimulator.Build.0 = Release|x64
		{BA1B2F47-5B38-4697-B752-056116AC06E9}.AppStore|iPhoneSimulator.Deploy.0 = Release|x64
		{BA1B2F47-5B38-4697-B752-056116AC06E9}.AppStore|x64.ActiveCfg = Release|x64
		{BA1B2F47-5B38-4697-B752-056116AC06E9}.AppStore|x64.Build.0 = Release|x64
		{BA1B2F47-5B38-4697-B752-056116AC06E9}.AppStore|x64.Deploy.0 = Release|x64
		{BA1B2F47-5B38-4697-B752-056116AC06E9}.AppStore|x86.ActiveCfg = Release|x86
		{BA1B2F47-5B38-4697-B752-056116AC06E9}.AppStore|x86.Build.0 = Release|x86
		{BA1B2F47-5B38-4697-B752-056116AC06E9}.AppStore|x86.Deploy.0 = Release|x86
		{BA1B2F47-5B38-4697-B752-056116AC06E9}.Debug|Any CPU.ActiveCfg = Debug|x86
		{BA1B2F47-5B38-4697-B752-056116AC06E9}.Debug|Any CPU.Build.0 = Debug|x86
		{BA1B2F47-5B38-4697-B752-056116AC06E9}.Debug|Any CPU.Deploy.0 = Debug|x86
		{BA1B2F47-5B38-4697-B752-056116AC06E9}.Debug|ARM.ActiveCfg = Debug|ARM
		{BA1B2F47-5B38-4697-B752-056116AC06E9}.Debug|ARM.Build.0 = Debug|ARM
		{BA1B2F47-5B38-4697-B752-056116AC06E9}.Debug|ARM.Deploy.0 = Debug|ARM
		{BA1B2F47-5B38-4697-B752-056116AC06E9}.Debug|ARM64.ActiveCfg = Debug|ARM64
		{BA1B2F47-5B38-4697-B752-056116AC06E9}.Debug|ARM64.Build.0 = Debug|ARM64
		{BA1B2F47-5B38-4697-B752-056116AC06E9}.Debug|ARM64.Deploy.0 = Debug|ARM64
		{BA1B2F47-5B38-4697-B752-056116AC06E9}.Debug|iPhone.ActiveCfg = Debug|x86
		{BA1B2F47-5B38-4697-B752-056116AC06E9}.Debug|iPhoneSimulator.ActiveCfg = Debug|x86
		{BA1B2F47-5B38-4697-B752-056116AC06E9}.Debug|x64.ActiveCfg = Debug|x64
		{BA1B2F47-5B38-4697-B752-056116AC06E9}.Debug|x64.Build.0 = Debug|x64
		{BA1B2F47-5B38-4697-B752-056116AC06E9}.Debug|x64.Deploy.0 = Debug|x64
		{BA1B2F47-5B38-4697-B752-056116AC06E9}.Debug|x86.ActiveCfg = Debug|x86
		{BA1B2F47-5B38-4697-B752-056116AC06E9}.Debug|x86.Build.0 = Debug|x86
		{BA1B2F47-5B38-4697-B752-056116AC06E9}.Debug|x86.Deploy.0 = Debug|x86
		{BA1B2F47-5B38-4697-B752-056116AC06E9}.Release|Any CPU.ActiveCfg = Release|x86
		{BA1B2F47-5B38-4697-B752-056116AC06E9}.Release|ARM.ActiveCfg = Release|ARM
		{BA1B2F47-5B38-4697-B752-056116AC06E9}.Release|ARM.Build.0 = Release|ARM
		{BA1B2F47-5B38-4697-B752-056116AC06E9}.Release|ARM.Deploy.0 = Release|ARM
		{BA1B2F47-5B38-4697-B752-056116AC06E9}.Release|ARM64.ActiveCfg = Release|ARM64
		{BA1B2F47-5B38-4697-B752-056116AC06E9}.Release|ARM64.Build.0 = Release|ARM64
		{BA1B2F47-5B38-4697-B752-056116AC06E9}.Release|ARM64.Deploy.0 = Release|ARM64
		{BA1B2F47-5B38-4697-B752-056116AC06E9}.Release|iPhone.ActiveCfg = Release|x86
		{BA1B2F47-5B38-4697-B752-056116AC06E9}.Release|iPhoneSimulator.ActiveCfg = Release|x86
		{BA1B2F47-5B38-4697-B752-056116AC06E9}.Release|x64.ActiveCfg = Release|x64
		{BA1B2F47-5B38-4697-B752-056116AC06E9}.Release|x64.Build.0 = Release|x64
		{BA1B2F47-5B38-4697-B752-056116AC06E9}.Release|x64.Deploy.0 = Release|x64
		{BA1B2F47-5B38-4697-B752-056116AC06E9}.Release|x86.ActiveCfg = Release|x86
		{BA1B2F47-5B38-4697-B752-056116AC06E9}.Release|x86.Build.0 = Release|x86
		{BA1B2F47-5B38-4697-B752-056116AC06E9}.Release|x86.Deploy.0 = Release|x86
		{CDC3AC91-FEE6-490B-B8C9-6D75CF5C1D55}.Ad-Hoc|Any CPU.ActiveCfg = Debug|Any CPU
		{CDC3AC91-FEE6-490B-B8C9-6D75CF5C1D55}.Ad-Hoc|Any CPU.Build.0 = Debug|Any CPU
		{CDC3AC91-FEE6-490B-B8C9-6D75CF5C1D55}.Ad-Hoc|ARM.ActiveCfg = Debug|Any CPU
		{CDC3AC91-FEE6-490B-B8C9-6D75CF5C1D55}.Ad-Hoc|ARM.Build.0 = Debug|Any CPU
		{CDC3AC91-FEE6-490B-B8C9-6D75CF5C1D55}.Ad-Hoc|ARM64.ActiveCfg = Debug|Any CPU
		{CDC3AC91-FEE6-490B-B8C9-6D75CF5C1D55}.Ad-Hoc|ARM64.Build.0 = Debug|Any CPU
		{CDC3AC91-FEE6-490B-B8C9-6D75CF5C1D55}.Ad-Hoc|iPhone.ActiveCfg = Debug|Any CPU
		{CDC3AC91-FEE6-490B-B8C9-6D75CF5C1D55}.Ad-Hoc|iPhone.Build.0 = Debug|Any CPU
		{CDC3AC91-FEE6-490B-B8C9-6D75CF5C1D55}.Ad-Hoc|iPhoneSimulator.ActiveCfg = Debug|Any CPU
		{CDC3AC91-FEE6-490B-B8C9-6D75CF5C1D55}.Ad-Hoc|iPhoneSimulator.Build.0 = Debug|Any CPU
		{CDC3AC91-FEE6-490B-B8C9-6D75CF5C1D55}.Ad-Hoc|x64.ActiveCfg = Debug|Any CPU
		{CDC3AC91-FEE6-490B-B8C9-6D75CF5C1D55}.Ad-Hoc|x64.Build.0 = Debug|Any CPU
		{CDC3AC91-FEE6-490B-B8C9-6D75CF5C1D55}.Ad-Hoc|x86.ActiveCfg = Debug|Any CPU
		{CDC3AC91-FEE6-490B-B8C9-6D75CF5C1D55}.Ad-Hoc|x86.Build.0 = Debug|Any CPU
		{CDC3AC91-FEE6-490B-B8C9-6D75CF5C1D55}.AppStore|Any CPU.ActiveCfg = Debug|Any CPU
		{CDC3AC91-FEE6-490B-B8C9-6D75CF5C1D55}.AppStore|Any CPU.Build.0 = Debug|Any CPU
		{CDC3AC91-FEE6-490B-B8C9-6D75CF5C1D55}.AppStore|ARM.ActiveCfg = Debug|Any CPU
		{CDC3AC91-FEE6-490B-B8C9-6D75CF5C1D55}.AppStore|ARM.Build.0 = Debug|Any CPU
		{CDC3AC91-FEE6-490B-B8C9-6D75CF5C1D55}.AppStore|ARM64.ActiveCfg = Debug|Any CPU
		{CDC3AC91-FEE6-490B-B8C9-6D75CF5C1D55}.AppStore|ARM64.Build.0 = Debug|Any CPU
		{CDC3AC91-FEE6-490B-B8C9-6D75CF5C1D55}.AppStore|iPhone.ActiveCfg = Debug|Any CPU
		{CDC3AC91-FEE6-490B-B8C9-6D75CF5C1D55}.AppStore|iPhone.Build.0 = Debug|Any CPU
		{CDC3AC91-FEE6-490B-B8C9-6D75CF5C1D55}.AppStore|iPhoneSimulator.ActiveCfg = Debug|Any CPU
		{CDC3AC91-FEE6-490B-B8C9-6D75CF5C1D55}.AppStore|iPhoneSimulator.Build.0 = Debug|Any CPU
		{CDC3AC91-FEE6-490B-B8C9-6D75CF5C1D55}.AppStore|x64.ActiveCfg = Debug|Any CPU
		{CDC3AC91-FEE6-490B-B8C9-6D75CF5C1D55}.AppStore|x64.Build.0 = Debug|Any CPU
		{CDC3AC91-FEE6-490B-B8C9-6D75CF5C1D55}.AppStore|x86.ActiveCfg = Debug|Any CPU
		{CDC3AC91-FEE6-490B-B8C9-6D75CF5C1D55}.AppStore|x86.Build.0 = Debug|Any CPU
		{CDC3AC91-FEE6-490B-B8C9-6D75CF5C1D55}.Debug|Any CPU.ActiveCfg = Debug|Any CPU
		{CDC3AC91-FEE6-490B-B8C9-6D75CF5C1D55}.Debug|Any CPU.Build.0 = Debug|Any CPU
		{CDC3AC91-FEE6-490B-B8C9-6D75CF5C1D55}.Debug|ARM.ActiveCfg = Debug|Any CPU
		{CDC3AC91-FEE6-490B-B8C9-6D75CF5C1D55}.Debug|ARM.Build.0 = Debug|Any CPU
		{CDC3AC91-FEE6-490B-B8C9-6D75CF5C1D55}.Debug|ARM64.ActiveCfg = Debug|Any CPU
		{CDC3AC91-FEE6-490B-B8C9-6D75CF5C1D55}.Debug|ARM64.Build.0 = Debug|Any CPU
		{CDC3AC91-FEE6-490B-B8C9-6D75CF5C1D55}.Debug|iPhone.ActiveCfg = Debug|Any CPU
		{CDC3AC91-FEE6-490B-B8C9-6D75CF5C1D55}.Debug|iPhone.Build.0 = Debug|Any CPU
		{CDC3AC91-FEE6-490B-B8C9-6D75CF5C1D55}.Debug|iPhoneSimulator.ActiveCfg = Debug|Any CPU
		{CDC3AC91-FEE6-490B-B8C9-6D75CF5C1D55}.Debug|iPhoneSimulator.Build.0 = Debug|Any CPU
		{CDC3AC91-FEE6-490B-B8C9-6D75CF5C1D55}.Debug|x64.ActiveCfg = Debug|Any CPU
		{CDC3AC91-FEE6-490B-B8C9-6D75CF5C1D55}.Debug|x64.Build.0 = Debug|Any CPU
		{CDC3AC91-FEE6-490B-B8C9-6D75CF5C1D55}.Debug|x86.ActiveCfg = Debug|Any CPU
		{CDC3AC91-FEE6-490B-B8C9-6D75CF5C1D55}.Debug|x86.Build.0 = Debug|Any CPU
		{CDC3AC91-FEE6-490B-B8C9-6D75CF5C1D55}.Release|Any CPU.ActiveCfg = Release|Any CPU
		{CDC3AC91-FEE6-490B-B8C9-6D75CF5C1D55}.Release|Any CPU.Build.0 = Release|Any CPU
		{CDC3AC91-FEE6-490B-B8C9-6D75CF5C1D55}.Release|ARM.ActiveCfg = Release|Any CPU
		{CDC3AC91-FEE6-490B-B8C9-6D75CF5C1D55}.Release|ARM.Build.0 = Release|Any CPU
		{CDC3AC91-FEE6-490B-B8C9-6D75CF5C1D55}.Release|ARM64.ActiveCfg = Release|Any CPU
		{CDC3AC91-FEE6-490B-B8C9-6D75CF5C1D55}.Release|ARM64.Build.0 = Release|Any CPU
		{CDC3AC91-FEE6-490B-B8C9-6D75CF5C1D55}.Release|iPhone.ActiveCfg = Release|Any CPU
		{CDC3AC91-FEE6-490B-B8C9-6D75CF5C1D55}.Release|iPhone.Build.0 = Release|Any CPU
		{CDC3AC91-FEE6-490B-B8C9-6D75CF5C1D55}.Release|iPhoneSimulator.ActiveCfg = Release|Any CPU
		{CDC3AC91-FEE6-490B-B8C9-6D75CF5C1D55}.Release|iPhoneSimulator.Build.0 = Release|Any CPU
		{CDC3AC91-FEE6-490B-B8C9-6D75CF5C1D55}.Release|x64.ActiveCfg = Release|Any CPU
		{CDC3AC91-FEE6-490B-B8C9-6D75CF5C1D55}.Release|x64.Build.0 = Release|Any CPU
		{CDC3AC91-FEE6-490B-B8C9-6D75CF5C1D55}.Release|x86.ActiveCfg = Release|Any CPU
		{CDC3AC91-FEE6-490B-B8C9-6D75CF5C1D55}.Release|x86.Build.0 = Release|Any CPU
		{818708A8-B2DB-46BD-A5C3-30A7A7ACF2BF}.Ad-Hoc|Any CPU.ActiveCfg = Release|iPhoneSimulator
		{818708A8-B2DB-46BD-A5C3-30A7A7ACF2BF}.Ad-Hoc|Any CPU.Build.0 = Release|iPhoneSimulator
		{818708A8-B2DB-46BD-A5C3-30A7A7ACF2BF}.Ad-Hoc|ARM.ActiveCfg = Release|iPhoneSimulator
		{818708A8-B2DB-46BD-A5C3-30A7A7ACF2BF}.Ad-Hoc|ARM.Build.0 = Release|iPhoneSimulator
		{818708A8-B2DB-46BD-A5C3-30A7A7ACF2BF}.Ad-Hoc|ARM64.ActiveCfg = Release|iPhoneSimulator
		{818708A8-B2DB-46BD-A5C3-30A7A7ACF2BF}.Ad-Hoc|ARM64.Build.0 = Release|iPhoneSimulator
		{818708A8-B2DB-46BD-A5C3-30A7A7ACF2BF}.Ad-Hoc|iPhone.ActiveCfg = Release|iPhoneSimulator
		{818708A8-B2DB-46BD-A5C3-30A7A7ACF2BF}.Ad-Hoc|iPhone.Build.0 = Release|iPhoneSimulator
		{818708A8-B2DB-46BD-A5C3-30A7A7ACF2BF}.Ad-Hoc|iPhoneSimulator.ActiveCfg = Release|iPhoneSimulator
		{818708A8-B2DB-46BD-A5C3-30A7A7ACF2BF}.Ad-Hoc|iPhoneSimulator.Build.0 = Release|iPhoneSimulator
		{818708A8-B2DB-46BD-A5C3-30A7A7ACF2BF}.Ad-Hoc|x64.ActiveCfg = Release|iPhoneSimulator
		{818708A8-B2DB-46BD-A5C3-30A7A7ACF2BF}.Ad-Hoc|x64.Build.0 = Release|iPhoneSimulator
		{818708A8-B2DB-46BD-A5C3-30A7A7ACF2BF}.Ad-Hoc|x86.ActiveCfg = Release|iPhoneSimulator
		{818708A8-B2DB-46BD-A5C3-30A7A7ACF2BF}.Ad-Hoc|x86.Build.0 = Release|iPhoneSimulator
		{818708A8-B2DB-46BD-A5C3-30A7A7ACF2BF}.AppStore|Any CPU.ActiveCfg = Release|iPhoneSimulator
		{818708A8-B2DB-46BD-A5C3-30A7A7ACF2BF}.AppStore|Any CPU.Build.0 = Release|iPhoneSimulator
		{818708A8-B2DB-46BD-A5C3-30A7A7ACF2BF}.AppStore|ARM.ActiveCfg = Release|iPhoneSimulator
		{818708A8-B2DB-46BD-A5C3-30A7A7ACF2BF}.AppStore|ARM.Build.0 = Release|iPhoneSimulator
		{818708A8-B2DB-46BD-A5C3-30A7A7ACF2BF}.AppStore|ARM64.ActiveCfg = Release|iPhoneSimulator
		{818708A8-B2DB-46BD-A5C3-30A7A7ACF2BF}.AppStore|ARM64.Build.0 = Release|iPhoneSimulator
		{818708A8-B2DB-46BD-A5C3-30A7A7ACF2BF}.AppStore|iPhone.ActiveCfg = Release|iPhoneSimulator
		{818708A8-B2DB-46BD-A5C3-30A7A7ACF2BF}.AppStore|iPhone.Build.0 = Release|iPhoneSimulator
		{818708A8-B2DB-46BD-A5C3-30A7A7ACF2BF}.AppStore|iPhoneSimulator.ActiveCfg = Release|iPhoneSimulator
		{818708A8-B2DB-46BD-A5C3-30A7A7ACF2BF}.AppStore|iPhoneSimulator.Build.0 = Release|iPhoneSimulator
		{818708A8-B2DB-46BD-A5C3-30A7A7ACF2BF}.AppStore|x64.ActiveCfg = Release|iPhoneSimulator
		{818708A8-B2DB-46BD-A5C3-30A7A7ACF2BF}.AppStore|x64.Build.0 = Release|iPhoneSimulator
		{818708A8-B2DB-46BD-A5C3-30A7A7ACF2BF}.AppStore|x86.ActiveCfg = Release|iPhoneSimulator
		{818708A8-B2DB-46BD-A5C3-30A7A7ACF2BF}.AppStore|x86.Build.0 = Release|iPhoneSimulator
		{818708A8-B2DB-46BD-A5C3-30A7A7ACF2BF}.Debug|Any CPU.ActiveCfg = Debug|iPhoneSimulator
		{818708A8-B2DB-46BD-A5C3-30A7A7ACF2BF}.Debug|ARM.ActiveCfg = Debug|iPhoneSimulator
		{818708A8-B2DB-46BD-A5C3-30A7A7ACF2BF}.Debug|ARM64.ActiveCfg = Debug|iPhoneSimulator
		{818708A8-B2DB-46BD-A5C3-30A7A7ACF2BF}.Debug|iPhone.ActiveCfg = Debug|iPhoneSimulator
		{818708A8-B2DB-46BD-A5C3-30A7A7ACF2BF}.Debug|iPhoneSimulator.ActiveCfg = Debug|iPhoneSimulator
		{818708A8-B2DB-46BD-A5C3-30A7A7ACF2BF}.Debug|iPhoneSimulator.Build.0 = Debug|iPhoneSimulator
		{818708A8-B2DB-46BD-A5C3-30A7A7ACF2BF}.Debug|x64.ActiveCfg = Debug|iPhoneSimulator
		{818708A8-B2DB-46BD-A5C3-30A7A7ACF2BF}.Debug|x86.ActiveCfg = Debug|iPhoneSimulator
		{818708A8-B2DB-46BD-A5C3-30A7A7ACF2BF}.Release|Any CPU.ActiveCfg = Release|iPhoneSimulator
		{818708A8-B2DB-46BD-A5C3-30A7A7ACF2BF}.Release|ARM.ActiveCfg = Release|iPhoneSimulator
		{818708A8-B2DB-46BD-A5C3-30A7A7ACF2BF}.Release|ARM64.ActiveCfg = Release|iPhoneSimulator
		{818708A8-B2DB-46BD-A5C3-30A7A7ACF2BF}.Release|iPhone.ActiveCfg = Release|iPhoneSimulator
		{818708A8-B2DB-46BD-A5C3-30A7A7ACF2BF}.Release|iPhoneSimulator.ActiveCfg = Release|iPhoneSimulator
		{818708A8-B2DB-46BD-A5C3-30A7A7ACF2BF}.Release|iPhoneSimulator.Build.0 = Release|iPhoneSimulator
		{818708A8-B2DB-46BD-A5C3-30A7A7ACF2BF}.Release|x64.ActiveCfg = Release|iPhoneSimulator
		{818708A8-B2DB-46BD-A5C3-30A7A7ACF2BF}.Release|x86.ActiveCfg = Release|iPhoneSimulator
	EndGlobalSection
	GlobalSection(SolutionProperties) = preSolution
		HideSolutionNode = FALSE
	EndGlobalSection
	GlobalSection(ExtensibilityGlobals) = postSolution
		SolutionGuid = {0AC22B90-45E7-401E-83C6-40769E13E8E0}
	EndGlobalSection
EndGlobal
